
Microsoft Visual Studio Solution File, Format Version 12.00
# Visual Studio Version 17
VisualStudioVersion = 17.3.32804.467
MinimumVisualStudioVersion = 10.0.40219.1
Project("{FAE04EC0-301F-11D3-BF4B-00C04F79EFBC}") = "ShortIdFactory", "ShortIdFactory.csproj", "{A23D2729-6F5F-42D0-9D64-163DFE43A309}"
EndProject
Global
	GlobalSection(SolutionConfigurationPlatforms) = preSolution
		Debug|Any CPU = Debug|Any CPU
		Release|Any CPU = Release|Any CPU
	EndGlobalSection
	GlobalSection(ProjectConfigurationPlatforms) = postSolution
		{A23D2729-6F5F-42D0-9D64-163DFE43A309}.Debug|Any CPU.ActiveCfg = Debug|Any CPU
		{A23D2729-6F5F-42D0-9D64-163DFE43A309}.Debug|Any CPU.Build.0 = Debug|Any CPU
		{A23D2729-6F5F-42D0-9D64-163DFE43A309}.Release|Any CPU.ActiveCfg = Release|Any CPU
		{A23D2729-6F5F-42D0-9D64-163DFE43A309}.Release|Any CPU.Build.0 = Release|Any CPU
	EndGlobalSection
	GlobalSection(SolutionProperties) = preSolution
		HideSolutionNode = FALSE
	EndGlobalSection
	GlobalSection(ExtensibilityGlobals) = postSolution
		SolutionGuid = {F6D17EC0-CF38-4148-B11E-305D9514328D}
	EndGlobalSection
EndGlobal
